
Microsoft Visual Studio Solution File, Format Version 12.00
# Visual Studio Version 16
VisualStudioVersion = 16.0.29609.76
MinimumVisualStudioVersion = 10.0.40219.1
Project("{FAE04EC0-301F-11D3-BF4B-00C04F79EFBC}") = "Recuperacion_DI2aEv", "Recuperacion_DI2aEv\Recuperacion_DI2aEv.csproj", "{43B0DBCC-F560-4111-BE72-D65F57424412}"
EndProject
Project("{FAE04EC0-301F-11D3-BF4B-00C04F79EFBC}") = "Aula", "WindowsFormsApp1\Aula.csproj", "{82B02CEA-853C-4BF3-A7CB-C5C491D2D600}"
EndProject
Global
	GlobalSection(SolutionConfigurationPlatforms) = preSolution
		Debug|Any CPU = Debug|Any CPU
		Release|Any CPU = Release|Any CPU
	EndGlobalSection
	GlobalSection(ProjectConfigurationPlatforms) = postSolution
		{43B0DBCC-F560-4111-BE72-D65F57424412}.Debug|Any CPU.ActiveCfg = Debug|Any CPU
		{43B0DBCC-F560-4111-BE72-D65F57424412}.Debug|Any CPU.Build.0 = Debug|Any CPU
		{43B0DBCC-F560-4111-BE72-D65F57424412}.Release|Any CPU.ActiveCfg = Release|Any CPU
		{43B0DBCC-F560-4111-BE72-D65F57424412}.Release|Any CPU.Build.0 = Release|Any CPU
		{82B02CEA-853C-4BF3-A7CB-C5C491D2D600}.Debug|Any CPU.ActiveCfg = Debug|Any CPU
		{82B02CEA-853C-4BF3-A7CB-C5C491D2D600}.Debug|Any CPU.Build.0 = Debug|Any CPU
		{82B02CEA-853C-4BF3-A7CB-C5C491D2D600}.Release|Any CPU.ActiveCfg = Release|Any CPU
		{82B02CEA-853C-4BF3-A7CB-C5C491D2D600}.Release|Any CPU.Build.0 = Release|Any CPU
	EndGlobalSection
	GlobalSection(SolutionProperties) = preSolution
		HideSolutionNode = FALSE
	EndGlobalSection
	GlobalSection(ExtensibilityGlobals) = postSolution
		SolutionGuid = {D974F70B-949B-4454-970D-D27BA332790C}
	EndGlobalSection
EndGlobal
